{
  "requires": true,
  "lockfileVersion": 1,
  "dependencies": {
    "context": {
      "version": "1.1.4",
      "resolved": "https://registry.npmjs.org/context/-/context-1.1.4.tgz",
      "integrity": "sha512-LBiS1IKHyJWhpzu0on/0L4W0DbnDFtWNkWU7Qo37CJ4rSi/9IqjF3Uw+i94x06H+r32Bs3qq46KkXLI9WEWSIg=="
    },
    "node-fetch": {
      "version": "2.6.1",
      "resolved": "https://registry.npmjs.org/node-fetch/-/node-fetch-2.6.1.tgz",
      "integrity": "sha512-V4aYg89jEoVRxRb2fJdAg8FHvI7cEyYdVAh94HH0UIK8oJxUfkjlDQN9RbMx+bEjP7+ggMiFRprSti032Oipxw=="
    },
    "react-stripe-checkout": {
      "version": "2.6.3",
      "resolved": "https://registry.npmjs.org/react-stripe-checkout/-/react-stripe-checkout-2.6.3.tgz",
      "integrity": "sha1-MXOocLBOWjwyGgbSTNU8YDARHEU="
    }
  }
}
